
Microsoft Visual Studio Solution File, Format Version 12.00
# Visual Studio 15
VisualStudioVersion = 15.0.28307.645
MinimumVisualStudioVersion = 10.0.40219.1
Project("{FAE04EC0-301F-11D3-BF4B-00C04F79EFBC}") = "Task8-2", "Task8-2\Task8-2.csproj", "{8AFC9A87-94F3-464B-A8FE-CC8456020C6C}"
EndProject
Global
	GlobalSection(SolutionConfigurationPlatforms) = preSolution
		Debug|Any CPU = Debug|Any CPU
		Release|Any CPU = Release|Any CPU
	EndGlobalSection
	GlobalSection(ProjectConfigurationPlatforms) = postSolution
		{8AFC9A87-94F3-464B-A8FE-CC8456020C6C}.Debug|Any CPU.ActiveCfg = Debug|Any CPU
		{8AFC9A87-94F3-464B-A8FE-CC8456020C6C}.Debug|Any CPU.Build.0 = Debug|Any CPU
		{8AFC9A87-94F3-464B-A8FE-CC8456020C6C}.Release|Any CPU.ActiveCfg = Release|Any CPU
		{8AFC9A87-94F3-464B-A8FE-CC8456020C6C}.Release|Any CPU.Build.0 = Release|Any CPU
	EndGlobalSection
	GlobalSection(SolutionProperties) = preSolution
		HideSolutionNode = FALSE
	EndGlobalSection
	GlobalSection(ExtensibilityGlobals) = postSolution
		SolutionGuid = {2F103D92-ED6B-4B51-98FD-336E045C8FF1}
	EndGlobalSection
EndGlobal
