
Microsoft Visual Studio Solution File, Format Version 12.00
# Visual Studio 15
VisualStudioVersion = 15.0.28307.645
MinimumVisualStudioVersion = 10.0.40219.1
Project("{FAE04EC0-301F-11D3-BF4B-00C04F79EFBC}") = "Task9-1", "Task9-1\Task9-1.csproj", "{4233FA44-4C42-4847-8E3A-0EB6332ABE8A}"
EndProject
Project("{FAE04EC0-301F-11D3-BF4B-00C04F79EFBC}") = "Task9-2", "Task9-2\Task9-2.csproj", "{1ABA1A80-8717-422E-8FDF-DCC32A65E8B3}"
EndProject
Project("{FAE04EC0-301F-11D3-BF4B-00C04F79EFBC}") = "Task9-3", "Task9-3\Task9-3.csproj", "{9193AE60-7FDA-42CF-949F-00E316828D00}"
EndProject
Project("{FAE04EC0-301F-11D3-BF4B-00C04F79EFBC}") = "Task9-4", "Task9-4\Task9-4.csproj", "{7E125451-ED38-4E40-BF10-40E99268E6AB}"
EndProject
Global
	GlobalSection(SolutionConfigurationPlatforms) = preSolution
		Debug|Any CPU = Debug|Any CPU
		Release|Any CPU = Release|Any CPU
	EndGlobalSection
	GlobalSection(ProjectConfigurationPlatforms) = postSolution
		{4233FA44-4C42-4847-8E3A-0EB6332ABE8A}.Debug|Any CPU.ActiveCfg = Debug|Any CPU
		{4233FA44-4C42-4847-8E3A-0EB6332ABE8A}.Debug|Any CPU.Build.0 = Debug|Any CPU
		{4233FA44-4C42-4847-8E3A-0EB6332ABE8A}.Release|Any CPU.ActiveCfg = Release|Any CPU
		{4233FA44-4C42-4847-8E3A-0EB6332ABE8A}.Release|Any CPU.Build.0 = Release|Any CPU
		{1ABA1A80-8717-422E-8FDF-DCC32A65E8B3}.Debug|Any CPU.ActiveCfg = Debug|Any CPU
		{1ABA1A80-8717-422E-8FDF-DCC32A65E8B3}.Debug|Any CPU.Build.0 = Debug|Any CPU
		{1ABA1A80-8717-422E-8FDF-DCC32A65E8B3}.Release|Any CPU.ActiveCfg = Release|Any CPU
		{1ABA1A80-8717-422E-8FDF-DCC32A65E8B3}.Release|Any CPU.Build.0 = Release|Any CPU
		{9193AE60-7FDA-42CF-949F-00E316828D00}.Debug|Any CPU.ActiveCfg = Debug|Any CPU
		{9193AE60-7FDA-42CF-949F-00E316828D00}.Debug|Any CPU.Build.0 = Debug|Any CPU
		{9193AE60-7FDA-42CF-949F-00E316828D00}.Release|Any CPU.ActiveCfg = Release|Any CPU
		{9193AE60-7FDA-42CF-949F-00E316828D00}.Release|Any CPU.Build.0 = Release|Any CPU
		{7E125451-ED38-4E40-BF10-40E99268E6AB}.Debug|Any CPU.ActiveCfg = Debug|Any CPU
		{7E125451-ED38-4E40-BF10-40E99268E6AB}.Debug|Any CPU.Build.0 = Debug|Any CPU
		{7E125451-ED38-4E40-BF10-40E99268E6AB}.Release|Any CPU.ActiveCfg = Release|Any CPU
		{7E125451-ED38-4E40-BF10-40E99268E6AB}.Release|Any CPU.Build.0 = Release|Any CPU
	EndGlobalSection
	GlobalSection(SolutionProperties) = preSolution
		HideSolutionNode = FALSE
	EndGlobalSection
	GlobalSection(ExtensibilityGlobals) = postSolution
		SolutionGuid = {622AB9E9-3A5A-4907-94EB-14400C40E757}
	EndGlobalSection
EndGlobal
